
Microsoft Visual Studio Solution File, Format Version 12.00
# Visual Studio 15
VisualStudioVersion = 15.0.28010.2046
MinimumVisualStudioVersion = 10.0.40219.1
Project("{FAE04EC0-301F-11D3-BF4B-00C04F79EFBC}") = "lettersExercise", "ConsoleApp7\lettersExercise.csproj", "{5567C9D9-C774-4A59-81B3-8A77B619F96E}"
EndProject
Global
	GlobalSection(SolutionConfigurationPlatforms) = preSolution
		Debug|Any CPU = Debug|Any CPU
		Release|Any CPU = Release|Any CPU
	EndGlobalSection
	GlobalSection(ProjectConfigurationPlatforms) = postSolution
		{5567C9D9-C774-4A59-81B3-8A77B619F96E}.Debug|Any CPU.ActiveCfg = Debug|Any CPU
		{5567C9D9-C774-4A59-81B3-8A77B619F96E}.Debug|Any CPU.Build.0 = Debug|Any CPU
		{5567C9D9-C774-4A59-81B3-8A77B619F96E}.Release|Any CPU.ActiveCfg = Release|Any CPU
		{5567C9D9-C774-4A59-81B3-8A77B619F96E}.Release|Any CPU.Build.0 = Release|Any CPU
	EndGlobalSection
	GlobalSection(SolutionProperties) = preSolution
		HideSolutionNode = FALSE
	EndGlobalSection
	GlobalSection(ExtensibilityGlobals) = postSolution
		SolutionGuid = {74DF3576-7361-4E86-918F-3AC5DBCE22C5}
	EndGlobalSection
EndGlobal
